# This file was autogenerated by uv via the following command:
#    uv pip compile pyproject.toml --output-file requirements.lock
annotated-types==0.7.0
    # via pydantic
attrs==25.3.0
    # via
    #   jsonschema
    #   referencing
boto3==1.40.5
    # via open-hostfactory-plugin (pyproject.toml)
botocore==1.40.5
    # via
    #   open-hostfactory-plugin (pyproject.toml)
    #   boto3
    #   s3transfer
certifi==2025.8.3
    # via requests
cffi==1.17.1
    # via cryptography
charset-normalizer==3.4.2
    # via requests
click==8.2.1
    # via open-hostfactory-plugin (pyproject.toml)
cryptography==45.0.6
    # via open-hostfactory-plugin (pyproject.toml)
dynaconf==3.2.11
    # via open-hostfactory-plugin (pyproject.toml)
idna==3.10
    # via requests
importlib-metadata==8.7.0
    # via opentelemetry-api
jmespath==1.0.1
    # via
    #   boto3
    #   botocore
jsonschema==4.25.0
    # via open-hostfactory-plugin (pyproject.toml)
jsonschema-specifications==2025.4.1
    # via jsonschema
markdown-it-py==3.0.0
    # via rich
mdurl==0.1.2
    # via markdown-it-py
opentelemetry-api==1.36.0
    # via
    #   open-hostfactory-plugin (pyproject.toml)
    #   opentelemetry-sdk
    #   opentelemetry-semantic-conventions
opentelemetry-sdk==1.36.0
    # via open-hostfactory-plugin (pyproject.toml)
opentelemetry-semantic-conventions==0.57b0
    # via opentelemetry-sdk
prometheus-client==0.22.1
    # via open-hostfactory-plugin (pyproject.toml)
psutil==7.0.0
    # via open-hostfactory-plugin (pyproject.toml)
pycparser==2.22
    # via cffi
pydantic==2.11.7
    # via open-hostfactory-plugin (pyproject.toml)
pydantic-core==2.33.2
    # via pydantic
pygments==2.19.2
    # via rich
pyjwt==2.10.1
    # via open-hostfactory-plugin (pyproject.toml)
python-dateutil==2.9.0.post0
    # via botocore
python-dotenv==1.1.1
    # via open-hostfactory-plugin (pyproject.toml)
pyyaml==6.0.2
    # via open-hostfactory-plugin (pyproject.toml)
referencing==0.36.2
    # via
    #   jsonschema
    #   jsonschema-specifications
requests==2.32.4
    # via open-hostfactory-plugin (pyproject.toml)
rich==14.1.0
    # via open-hostfactory-plugin (pyproject.toml)
rpds-py==0.27.0
    # via
    #   jsonschema
    #   referencing
s3transfer==0.13.1
    # via boto3
six==1.17.0
    # via python-dateutil
sqlalchemy==2.0.42
    # via open-hostfactory-plugin (pyproject.toml)
structlog==25.4.0
    # via open-hostfactory-plugin (pyproject.toml)
tqdm==4.67.1
    # via open-hostfactory-plugin (pyproject.toml)
typing-extensions==4.14.1
    # via
    #   opentelemetry-api
    #   opentelemetry-sdk
    #   opentelemetry-semantic-conventions
    #   pydantic
    #   pydantic-core
    #   sqlalchemy
    #   typing-inspection
typing-inspection==0.4.1
    # via pydantic
urllib3==2.5.0
    # via
    #   botocore
    #   requests
zipp==3.23.0
    # via importlib-metadata
